
Microsoft Visual Studio Solution File, Format Version 12.00
# Visual Studio Version 17
VisualStudioVersion = 17.14.36915.13 d17.14
MinimumVisualStudioVersion = 10.0.40219.1
Project("{FAE04EC0-301F-11D3-BF4B-00C04F79EFBC}") = "musicLine", "musicLine\musicLine.csproj", "{69A8362F-A0D5-41AF-AA76-7289C857A4C5}"
EndProject
Global
	GlobalSection(SolutionConfigurationPlatforms) = preSolution
		Debug|Any CPU = Debug|Any CPU
		Release|Any CPU = Release|Any CPU
	EndGlobalSection
	GlobalSection(ProjectConfigurationPlatforms) = postSolution
		{69A8362F-A0D5-41AF-AA76-7289C857A4C5}.Debug|Any CPU.ActiveCfg = Debug|Any CPU
		{69A8362F-A0D5-41AF-AA76-7289C857A4C5}.Debug|Any CPU.Build.0 = Debug|Any CPU
		{69A8362F-A0D5-41AF-AA76-7289C857A4C5}.Release|Any CPU.ActiveCfg = Release|Any CPU
		{69A8362F-A0D5-41AF-AA76-7289C857A4C5}.Release|Any CPU.Build.0 = Release|Any CPU
	EndGlobalSection
	GlobalSection(SolutionProperties) = preSolution
		HideSolutionNode = FALSE
	EndGlobalSection
	GlobalSection(ExtensibilityGlobals) = postSolution
		SolutionGuid = {BFBCA616-1B32-4D59-B18F-B68D64821972}
	EndGlobalSection
EndGlobal
